// !$*UTF8*$!
{
	archiveVersion = 1;
	classes = {
	};
	objectVersion = 50;
	objects = {

/* Begin PBXBuildFile section */
		03D5B5E3222E0C5B00ED81D9 /* SWKeyboardDeleteKey@2x.png in Resources */ = {isa = PBXBuildFile; fileRef = 03D5B5DD222E0C5A00ED81D9 /* SWKeyboardDeleteKey@2x.png */; };
		03D5B5E4222E0C5B00ED81D9 /* SWKeyboardDismissKey.png in Resources */ = {isa = PBXBuildFile; fileRef = 03D5B5DE222E0C5A00ED81D9 /* SWKeyboardDismissKey.png */; };
		03D5B5E5222E0C5B00ED81D9 /* SWKeyboardDismissKey@3x.png in Resources */ = {isa = PBXBuildFile; fileRef = 03D5B5DF222E0C5A00ED81D9 /* SWKeyboardDismissKey@3x.png */; };
		03D5B5E6222E0C5B00ED81D9 /* SWKeyboardDeleteKey@3x.png in Resources */ = {isa = PBXBuildFile; fileRef = 03D5B5E0222E0C5A00ED81D9 /* SWKeyboardDeleteKey@3x.png */; };
		03D5B5E7222E0C5B00ED81D9 /* SWKeyboardDeleteKey.png in Resources */ = {isa = PBXBuildFile; fileRef = 03D5B5E1222E0C5A00ED81D9 /* SWKeyboardDeleteKey.png */; };
		03D5B5E8222E0C5B00ED81D9 /* SWKeyboardDismissKey@2x.png in Resources */ = {isa = PBXBuildFile; fileRef = 03D5B5E2222E0C5A00ED81D9 /* SWKeyboardDismissKey@2x.png */; };
		03E837F3222E0B1F008AD055 /* AppDelegate.m in Sources */ = {isa = PBXBuildFile; fileRef = 03E837F2222E0B1F008AD055 /* AppDelegate.m */; };
		03E837F6222E0B1F008AD055 /* ViewController.m in Sources */ = {isa = PBXBuildFile; fileRef = 03E837F5222E0B1F008AD055 /* ViewController.m */; };
		03E837F9222E0B1F008AD055 /* Main.storyboard in Resources */ = {isa = PBXBuildFile; fileRef = 03E837F7222E0B1F008AD055 /* Main.storyboard */; };
		03E837FB222E0B21008AD055 /* Assets.xcassets in Resources */ = {isa = PBXBuildFile; fileRef = 03E837FA222E0B21008AD055 /* Assets.xcassets */; };
		03E837FE222E0B21008AD055 /* LaunchScreen.storyboard in Resources */ = {isa = PBXBuildFile; fileRef = 03E837FC222E0B21008AD055 /* LaunchScreen.storyboard */; };
		03E83801222E0B21008AD055 /* main.m in Sources */ = {isa = PBXBuildFile; fileRef = 03E83800222E0B21008AD055 /* main.m */; };
/* End PBXBuildFile section */

/* Begin PBXFileReference section */
		03D5B5DD222E0C5A00ED81D9 /* SWKeyboardDeleteKey@2x.png */ = {isa = PBXFileReference; lastKnownFileType = image.png; path = "SWKeyboardDeleteKey@2x.png"; sourceTree = "<group>"; };
		03D5B5DE222E0C5A00ED81D9 /* SWKeyboardDismissKey.png */ = {isa = PBXFileReference; lastKnownFileType = image.png; path = SWKeyboardDismissKey.png; sourceTree = "<group>"; };
		03D5B5DF222E0C5A00ED81D9 /* SWKeyboardDismissKey@3x.png */ = {isa = PBXFileReference; lastKnownFileType = image.png; path = "SWKeyboardDismissKey@3x.png"; sourceTree = "<group>"; };
		03D5B5E0222E0C5A00ED81D9 /* SWKeyboardDeleteKey@3x.png */ = {isa = PBXFileReference; lastKnownFileType = image.png; path = "SWKeyboardDeleteKey@3x.png"; sourceTree = "<group>"; };
		03D5B5E1222E0C5A00ED81D9 /* SWKeyboardDeleteKey.png */ = {isa = PBXFileReference; lastKnownFileType = image.png; path = SWKeyboardDeleteKey.png; sourceTree = "<group>"; };
		03D5B5E2222E0C5A00ED81D9 /* SWKeyboardDismissKey@2x.png */ = {isa = PBXFileReference; lastKnownFileType = image.png; path = "SWKeyboardDismissKey@2x.png"; sourceTree = "<group>"; };
		03E837EE222E0B1F008AD055 /* SWKeyboard.app */ = {isa = PBXFileReference; explicitFileType = wrapper.application; includeInIndex = 0; path = SWKeyboard.app; sourceTree = BUILT_PRODUCTS_DIR; };
		03E837F1222E0B1F008AD055 /* AppDelegate.h */ = {isa = PBXFileReference; lastKnownFileType = sourcecode.c.h; path = AppDelegate.h; sourceTree = "<group>"; };
		03E837F2222E0B1F008AD055 /* AppDelegate.m */ = {isa = PBXFileReference; lastKnownFileType = sourcecode.c.objc; path = AppDelegate.m; sourceTree = "<group>"; };
		03E837F4222E0B1F008AD055 /* ViewController.h */ = {isa = PBXFileReference; lastKnownFileType = sourcecode.c.h; path = ViewController.h; sourceTree = "<group>"; };
		03E837F5222E0B1F008AD055 /* ViewController.m */ = {isa = PBXFileReference; lastKnownFileType = sourcecode.c.objc; path = ViewController.m; sourceTree = "<group>"; };
		03E837F8222E0B1F008AD055 /* Base */ = {isa = PBXFileReference; lastKnownFileType = file.storyboard; name = Base; path = Base.lproj/Main.storyboard; sourceTree = "<group>"; };
		03E837FA222E0B21008AD055 /* Assets.xcassets */ = {isa = PBXFileReference; lastKnownFileType = folder.assetcatalog; path = Assets.xcassets; sourceTree = "<group>"; };
		03E837FD222E0B21008AD055 /* Base */ = {isa = PBXFileReference; lastKnownFileType = file.storyboard; name = Base; path = Base.lproj/LaunchScreen.storyboard; sourceTree = "<group>"; };
		03E837FF222E0B21008AD055 /* Info.plist */ = {isa = PBXFileReference; lastKnownFileType = text.plist.xml; path = Info.plist; sourceTree = "<group>"; };
		03E83800222E0B21008AD055 /* main.m */ = {isa = PBXFileReference; lastKnownFileType = sourcecode.c.objc; path = main.m; sourceTree = "<group>"; };
/* End PBXFileReference section */

/* Begin PBXFrameworksBuildPhase section */
		03E837EB222E0B1F008AD055 /* Frameworks */ = {
			isa = PBXFrameworksBuildPhase;
			buildActionMask = 2147483647;
			files = (
			);
			runOnlyForDeploymentPostprocessing = 0;
		};
/* End PBXFrameworksBuildPhase section */

/* Begin PBXGroup section */
		03E837E5222E0B1F008AD055 = {
			isa = PBXGroup;
			children = (
				03E837F0222E0B1F008AD055 /* SWKeyboard */,
				03E837EF222E0B1F008AD055 /* Products */,
			);
			sourceTree = "<group>";
		};
		03E837EF222E0B1F008AD055 /* Products */ = {
			isa = PBXGroup;
			children = (
				03E837EE222E0B1F008AD055 /* SWKeyboard.app */,
			);
			name = Products;
			sourceTree = "<group>";
		};
		03E837F0222E0B1F008AD055 /* SWKeyboard */ = {
			isa = PBXGroup;
			children = (
				03E83807222E0C17008AD055 /* Images */,
				03E837F1222E0B1F008AD055 /* AppDelegate.h */,
				03E837F2222E0B1F008AD055 /* AppDelegate.m */,
				03E837F4222E0B1F008AD055 /* ViewController.h */,
				03E837F5222E0B1F008AD055 /* ViewController.m */,
				03E837F7222E0B1F008AD055 /* Main.storyboard */,
				03E837FA222E0B21008AD055 /* Assets.xcassets */,
				03E837FC222E0B21008AD055 /* LaunchScreen.storyboard */,
				03E837FF222E0B21008AD055 /* Info.plist */,
				03E83800222E0B21008AD055 /* main.m */,
			);
			path = SWKeyboard;
			sourceTree = "<group>";
		};
		03E83807222E0C17008AD055 /* Images */ = {
			isa = PBXGroup;
			children = (
				03D5B5E1222E0C5A00ED81D9 /* SWKeyboardDeleteKey.png */,
				03D5B5DD222E0C5A00ED81D9 /* SWKeyboardDeleteKey@2x.png */,
				03D5B5E0222E0C5A00ED81D9 /* SWKeyboardDeleteKey@3x.png */,
				03D5B5DE222E0C5A00ED81D9 /* SWKeyboardDismissKey.png */,
				03D5B5E2222E0C5A00ED81D9 /* SWKeyboardDismissKey@2x.png */,
				03D5B5DF222E0C5A00ED81D9 /* SWKeyboardDismissKey@3x.png */,
			);
			name = Images;
			sourceTree = "<group>";
		};
/* End PBXGroup section */

/* Begin PBXNativeTarget section */
		03E837ED222E0B1F008AD055 /* SWKeyboard */ = {
			isa = PBXNativeTarget;
			buildConfigurationList = 03E83804222E0B21008AD055 /* Build configuration list for PBXNativeTarget "SWKeyboard" */;
			buildPhases = (
				03E837EA222E0B1F008AD055 /* Sources */,
				03E837EB222E0B1F008AD055 /* Frameworks */,
				03E837EC222E0B1F008AD055 /* Resources */,
			);
			buildRules = (
			);
			dependencies = (
			);
			name = SWKeyboard;
			productName = SWKeyboard;
			productReference = 03E837EE222E0B1F008AD055 /* SWKeyboard.app */;
			productType = "com.apple.product-type.application";
		};
/* End PBXNativeTarget section */

/* Begin PBXProject section */
		03E837E6222E0B1F008AD055 /* Project object */ = {
			isa = PBXProject;
			attributes = {
				LastUpgradeCheck = 1010;
				ORGANIZATIONNAME = songguohua;
				TargetAttributes = {
					03E837ED222E0B1F008AD055 = {
						CreatedOnToolsVersion = 10.1;
					};
				};
			};
			buildConfigurationList = 03E837E9222E0B1F008AD055 /* Build configuration list for PBXProject "SWKeyboard" */;
			compatibilityVersion = "Xcode 9.3";
			developmentRegion = en;
			hasScannedForEncodings = 0;
			knownRegions = (
				en,
				Base,
			);
			mainGroup = 03E837E5222E0B1F008AD055;
			productRefGroup = 03E837EF222E0B1F008AD055 /* Products */;
			projectDirPath = "";
			projectRoot = "";
			targets = (
				03E837ED222E0B1F008AD055 /* SWKeyboard */,
			);
		};
/* End PBXProject section */

/* Begin PBXResourcesBuildPhase section */
		03E837EC222E0B1F008AD055 /* Resources */ = {
			isa = PBXResourcesBuildPhase;
			buildActionMask = 2147483647;
			files = (
				03D5B5E7222E0C5B00ED81D9 /* SWKeyboardDeleteKey.png in Resources */,
				03D5B5E5222E0C5B00ED81D9 /* SWKeyboardDismissKey@3x.png in Resources */,
				03D5B5E6222E0C5B00ED81D9 /* SWKeyboardDeleteKey@3x.png in Resources */,
				03E837FE222E0B21008AD055 /* LaunchScreen.storyboard in Resources */,
				03E837FB222E0B21008AD055 /* Assets.xcassets in Resources */,
				03D5B5E4222E0C5B00ED81D9 /* SWKeyboardDismissKey.png in Resources */,
				03D5B5E8222E0C5B00ED81D9 /* SWKeyboardDismissKey@2x.png in Resources */,
				03D5B5E3222E0C5B00ED81D9 /* SWKeyboardDeleteKey@2x.png in Resources */,
				03E837F9222E0B1F008AD055 /* Main.storyboard in Resources */,
			);
			runOnlyForDeploymentPostprocessing = 0;
		};
/* End PBXResourcesBuildPhase section */

/* Begin PBXSourcesBuildPhase section */
		03E837EA222E0B1F008AD055 /* Sources */ = {
			isa = PBXSourcesBuildPhase;
			buildActionMask = 2147483647;
			files = (
				03E837F6222E0B1F008AD055 /* ViewController.m in Sources */,
				03E83801222E0B21008AD055 /* main.m in Sources */,
				03E837F3222E0B1F008AD055 /* AppDelegate.m in Sources */,
			);
			runOnlyForDeploymentPostprocessing = 0;
		};
/* End PBXSourcesBuildPhase section */

/* Begin PBXVariantGroup section */
		03E837F7222E0B1F008AD055 /* Main.storyboard */ = {
			isa = PBXVariantGroup;
			children = (
				03E837F8222E0B1F008AD055 /* Base */,
			);
			name = Main.storyboard;
			sourceTree = "<group>";
		};
		03E837FC222E0B21008AD055 /* LaunchScreen.storyboard */ = {
			isa = PBXVariantGroup;
			children = (
				03E837FD222E0B21008AD055 /* Base */,
			);
			name = LaunchScreen.storyboard;
			sourceTree = "<group>";
		};
/* End PBXVariantGroup section */

/* Begin XCBuildConfiguration section */
		03E83802222E0B21008AD055 /* Debug */ = {
			isa = XCBuildConfiguration;
			buildSettings = {
				ALWAYS_SEARCH_USER_PATHS = NO;
				CLANG_ANALYZER_NONNULL = YES;
				CLANG_ANALYZER_NUMBER_OBJECT_CONVERSION = YES_AGGRESSIVE;
				CLANG_CXX_LANGUAGE_STANDARD = "gnu++14";
				CLANG_CXX_LIBRARY = "libc++";
				CLANG_ENABLE_MODULES = YES;
				CLANG_ENABLE_OBJC_ARC = YES;
				CLANG_ENABLE_OBJC_WEAK = YES;
				CLANG_WARN_BLOCK_CAPTURE_AUTORELEASING = YES;
				CLANG_WARN_BOOL_CONVERSION = YES;
				CLANG_WARN_COMMA = YES;
				CLANG_WARN_CONSTANT_CONVERSION = YES;
				CLANG_WARN_DEPRECATED_OBJC_IMPLEMENTATIONS = YES;
				CLANG_WARN_DIRECT_OBJC_ISA_USAGE = YES_ERROR;
				CLANG_WARN_DOCUMENTATION_COMMENTS = YES;
				CLANG_WARN_EMPTY_BODY = YES;
				CLANG_WARN_ENUM_CONVERSION = YES;
				CLANG_WARN_INFINITE_RECURSION = YES;
				CLANG_WARN_INT_CONVERSION = YES;
				CLANG_WARN_NON_LITERAL_NULL_CONVERSION = YES;
				CLANG_WARN_OBJC_IMPLICIT_RETAIN_SELF = YES;
				CLANG_WARN_OBJC_LITERAL_CONVERSION = YES;
				CLANG_WARN_OBJC_ROOT_CLASS = YES_ERROR;
				CLANG_WARN_RANGE_LOOP_ANALYSIS = YES;
				CLANG_WARN_STRICT_PROTOTYPES = YES;
				CLANG_WARN_SUSPICIOUS_MOVE = YES;
				CLANG_WARN_UNGUARDED_AVAILABILITY = YES_AGGRESSIVE;
				CLANG_WARN_UNREACHABLE_CODE = YES;
				CLANG_WARN__DUPLICATE_METHOD_MATCH = YES;
				CODE_SIGN_IDENTITY = "iPhone Developer";
				COPY_PHASE_STRIP = NO;
				DEBUG_INFORMATION_FORMAT = dwarf;
				ENABLE_STRICT_OBJC_MSGSEND = YES;
				ENABLE_TESTABILITY = YES;
				GCC_C_LANGUAGE_STANDARD = gnu11;
				GCC_DYNAMIC_NO_PIC = NO;
				GCC_NO_COMMON_BLOCKS = YES;
				GCC_OPTIMIZATION_LEVEL = 0;
				GCC_PREPROCESSOR_DEFINITIONS = (
					"DEBUG=1",
					"$(inherited)",
				);
				GCC_WARN_64_TO_32_BIT_CONVERSION = YES;
				GCC_WARN_ABOUT_RETURN_TYPE = YES_ERROR;
				GCC_WARN_UNDECLARED_SELECTOR = YES;
				GCC_WARN_UNINITIALIZED_AUTOS = YES_AGGRESSIVE;
				GCC_WARN_UNUSED_FUNCTION = YES;
				GCC_WARN_UNUSED_VARIABLE = YES;
				IPHONEOS_DEPLOYMENT_TARGET = 12.1;
				MTL_ENABLE_DEBUG_INFO = INCLUDE_SOURCE;
				MTL_FAST_MATH = YES;
				ONLY_ACTIVE_ARCH = YES;
				SDKROOT = iphoneos;
			};
			name = Debug;
		};
		03E83803222E0B21008AD055 /* Release */ = {
			isa = XCBuildConfiguration;
			buildSettings = {
				ALWAYS_SEARCH_USER_PATHS = NO;
				CLANG_ANALYZER_NONNULL = YES;
				CLANG_ANALYZER_NUMBER_OBJECT_CONVERSION = YES_AGGRESSIVE;
				CLANG_CXX_LANGUAGE_STANDARD = "gnu++14";
				CLANG_CXX_LIBRARY = "libc++";
				CLANG_ENABLE_MODULES = YES;
				CLANG_ENABLE_OBJC_ARC = YES;
				CLANG_ENABLE_OBJC_WEAK = YES;
				CLANG_WARN_BLOCK_CAPTURE_AUTORELEASING = YES;
				CLANG_WARN_BOOL_CONVERSION = YES;
				CLANG_WARN_COMMA = YES;
				CLANG_WARN_CONSTANT_CONVERSION = YES;
				CLANG_WARN_DEPRECATED_OBJC_IMPLEMENTATIONS = YES;
				CLANG_WARN_DIRECT_OBJC_ISA_USAGE = YES_ERROR;
				CLANG_WARN_DOCUMENTATION_COMMENTS = YES;
				CLANG_WARN_EMPTY_BODY = YES;
				CLANG_WARN_ENUM_CONVERSION = YES;
				CLANG_WARN_INFINITE_RECURSION = YES;
				CLANG_WARN_INT_CONVERSION = YES;
				CLANG_WARN_NON_LITERAL_NULL_CONVERSION = YES;
				CLANG_WARN_OBJC_IMPLICIT_RETAIN_SELF = YES;
				CLANG_WARN_OBJC_LITERAL_CONVERSION = YES;
				CLANG_WARN_OBJC_ROOT_CLASS = YES_ERROR;
				CLANG_WARN_RANGE_LOOP_ANALYSIS = YES;
				CLANG_WARN_STRICT_PROTOTYPES = YES;
				CLANG_WARN_SUSPICIOUS_MOVE = YES;
				CLANG_WARN_UNGUARDED_AVAILABILITY = YES_AGGRESSIVE;
				CLANG_WARN_UNREACHABLE_CODE = YES;
				CLANG_WARN__DUPLICATE_METHOD_MATCH = YES;
				CODE_SIGN_IDENTITY = "iPhone Developer";
				COPY_PHASE_STRIP = NO;
				DEBUG_INFORMATION_FORMAT = "dwarf-with-dsym";
				ENABLE_NS_ASSERTIONS = NO;
				ENABLE_STRICT_OBJC_MSGSEND = YES;
				GCC_C_LANGUAGE_STANDARD = gnu11;
				GCC_NO_COMMON_BLOCKS = YES;
				GCC_WARN_64_TO_32_BIT_CONVERSION = YES;
				GCC_WARN_ABOUT_RETURN_TYPE = YES_ERROR;
				GCC_WARN_UNDECLARED_SELECTOR = YES;
				GCC_WARN_UNINITIALIZED_AUTOS = YES_AGGRESSIVE;
				GCC_WARN_UNUSED_FUNCTION = YES;
				GCC_WARN_UNUSED_VARIABLE = YES;
				IPHONEOS_DEPLOYMENT_TARGET = 12.1;
				MTL_ENABLE_DEBUG_INFO = NO;
				MTL_FAST_MATH = YES;
				SDKROOT = iphoneos;
				VALIDATE_PRODUCT = YES;
			};
			name = Release;
		};
		03E83805222E0B21008AD055 /* Debug */ = {
			isa = XCBuildConfiguration;
			buildSettings = {
				ASSETCATALOG_COMPILER_APPICON_NAME = AppIcon;
				CODE_SIGN_STYLE = Automatic;
				DEVELOPMENT_TEAM = WPXQYZSK2Q;
				INFOPLIST_FILE = SWKeyboard/Info.plist;
				IPHONEOS_DEPLOYMENT_TARGET = 10;
				LD_RUNPATH_SEARCH_PATHS = (
					"$(inherited)",
					"@executable_path/Frameworks",
				);
				PRODUCT_BUNDLE_IDENTIFIER = com.swing.tomato.SWKeyboard;
				PRODUCT_NAME = "$(TARGET_NAME)";
				TARGETED_DEVICE_FAMILY = 2;
			};
			name = Debug;
		};
		03E83806222E0B21008AD055 /* Release */ = {
			isa = XCBuildConfiguration;
			buildSettings = {
				ASSETCATALOG_COMPILER_APPICON_NAME = AppIcon;
				CODE_SIGN_STYLE = Automatic;
				DEVELOPMENT_TEAM = WPXQYZSK2Q;
				INFOPLIST_FILE = SWKeyboard/Info.plist;
				IPHONEOS_DEPLOYMENT_TARGET = 10;
				LD_RUNPATH_SEARCH_PATHS = (
					"$(inherited)",
					"@executable_path/Frameworks",
				);
				PRODUCT_BUNDLE_IDENTIFIER = com.swing.tomato.SWKeyboard;
				PRODUCT_NAME = "$(TARGET_NAME)";
				TARGETED_DEVICE_FAMILY = 2;
			};
			name = Release;
		};
/* End XCBuildConfiguration section */

/* Begin XCConfigurationList section */
		03E837E9222E0B1F008AD055 /* Build configuration list for PBXProject "SWKeyboard" */ = {
			isa = XCConfigurationList;
			buildConfigurations = (
				03E83802222E0B21008AD055 /* Debug */,
				03E83803222E0B21008AD055 /* Release */,
			);
			defaultConfigurationIsVisible = 0;
			defaultConfigurationName = Release;
		};
		03E83804222E0B21008AD055 /* Build configuration list for PBXNativeTarget "SWKeyboard" */ = {
			isa = XCConfigurationList;
			buildConfigurations = (
				03E83805222E0B21008AD055 /* Debug */,
				03E83806222E0B21008AD055 /* Release */,
			);
			defaultConfigurationIsVisible = 0;
			defaultConfigurationName = Release;
		};
/* End XCConfigurationList section */
	};
	rootObject = 03E837E6222E0B1F008AD055 /* Project object */;
}
